// !$*UTF8*$!
{
	archiveVersion = 1;
	classes = {
	};
	objectVersion = 46;
	objects = {

/* Begin PBXBuildFile section */
		3A64E4BE1DF671AF00C95211 /* main.m in Sources */ = {isa = PBXBuildFile; fileRef = 3A64E4BD1DF671AF00C95211 /* main.m */; };
		3A64E4C11DF671AF00C95211 /* AppDelegate.m in Sources */ = {isa = PBXBuildFile; fileRef = 3A64E4C01DF671AF00C95211 /* AppDelegate.m */; };
		3A64E4C41DF671AF00C95211 /* ViewController.m in Sources */ = {isa = PBXBuildFile; fileRef = 3A64E4C31DF671AF00C95211 /* ViewController.m */; };
		3A64E4C71DF671AF00C95211 /* Main.storyboard in Resources */ = {isa = PBXBuildFile; fileRef = 3A64E4C51DF671AF00C95211 /* Main.storyboard */; };
		3A64E4C91DF671AF00C95211 /* Assets.xcassets in Resources */ = {isa = PBXBuildFile; fileRef = 3A64E4C81DF671AF00C95211 /* Assets.xcassets */; };
		3A64E4CC1DF671AF00C95211 /* LaunchScreen.storyboard in Resources */ = {isa = PBXBuildFile; fileRef = 3A64E4CA1DF671AF00C95211 /* LaunchScreen.storyboard */; };
/* End PBXBuildFile section */

/* Begin PBXFileReference section */
		3A64E4B91DF671AF00C95211 /* LockUnLockApp.app */ = {isa = PBXFileReference; explicitFileType = wrapper.application; includeInIndex = 0; path = LockUnLockApp.app; sourceTree = BUILT_PRODUCTS_DIR; };
		3A64E4BD1DF671AF00C95211 /* main.m */ = {isa = PBXFileReference; lastKnownFileType = sourcecode.c.objc; path = main.m; sourceTree = "<group>"; };
		3A64E4BF1DF671AF00C95211 /* AppDelegate.h */ = {isa = PBXFileReference; lastKnownFileType = sourcecode.c.h; path = AppDelegate.h; sourceTree = "<group>"; };
		3A64E4C01DF671AF00C95211 /* AppDelegate.m */ = {isa = PBXFileReference; lastKnownFileType = sourcecode.c.objc; path = AppDelegate.m; sourceTree = "<group>"; };
		3A64E4C21DF671AF00C95211 /* ViewController.h */ = {isa = PBXFileReference; lastKnownFileType = sourcecode.c.h; path = ViewController.h; sourceTree = "<group>"; };
		3A64E4C31DF671AF00C95211 /* ViewController.m */ = {isa = PBXFileReference; lastKnownFileType = sourcecode.c.objc; path = ViewController.m; sourceTree = "<group>"; };
		3A64E4C61DF671AF00C95211 /* Base */ = {isa = PBXFileReference; lastKnownFileType = file.storyboard; name = Base; path = Base.lproj/Main.storyboard; sourceTree = "<group>"; };
		3A64E4C81DF671AF00C95211 /* Assets.xcassets */ = {isa = PBXFileReference; lastKnownFileType = folder.assetcatalog; path = Assets.xcassets; sourceTree = "<group>"; };
		3A64E4CB1DF671AF00C95211 /* Base */ = {isa = PBXFileReference; lastKnownFileType = file.storyboard; name = Base; path = Base.lproj/LaunchScreen.storyboard; sourceTree = "<group>"; };
		3A64E4CD1DF671AF00C95211 /* Info.plist */ = {isa = PBXFileReference; lastKnownFileType = text.plist.xml; path = Info.plist; sourceTree = "<group>"; };
		3A64E4D31DF6772800C95211 /* LockUnLockApp.entitlements */ = {isa = PBXFileReference; lastKnownFileType = text.plist.entitlements; path = LockUnLockApp.entitlements; sourceTree = "<group>"; };
/* End PBXFileReference section */

/* Begin PBXFrameworksBuildPhase section */
		3A64E4B61DF671AF00C95211 /* Frameworks */ = {
			isa = PBXFrameworksBuildPhase;
			buildActionMask = 2147483647;
			files = (
			);
			runOnlyForDeploymentPostprocessing = 0;
		};
/* End PBXFrameworksBuildPhase section */

/* Begin PBXGroup section */
		3A64E4B01DF671AF00C95211 = {
			isa = PBXGroup;
			children = (
				3A64E4BB1DF671AF00C95211 /* LockUnLockApp */,
				3A64E4BA1DF671AF00C95211 /* Products */,
				3A64E4D41DF6775800C95211 /* Frameworks */,
			);
			sourceTree = "<group>";
		};
		3A64E4BA1DF671AF00C95211 /* Products */ = {
			isa = PBXGroup;
			children = (
				3A64E4B91DF671AF00C95211 /* LockUnLockApp.app */,
			);
			name = Products;
			sourceTree = "<group>";
		};
		3A64E4BB1DF671AF00C95211 /* LockUnLockApp */ = {
			isa = PBXGroup;
			children = (
				3A64E4D31DF6772800C95211 /* LockUnLockApp.entitlements */,
				3A64E4BF1DF671AF00C95211 /* AppDelegate.h */,
				3A64E4C01DF671AF00C95211 /* AppDelegate.m */,
				3A64E4C21DF671AF00C95211 /* ViewController.h */,
				3A64E4C31DF671AF00C95211 /* ViewController.m */,
				3A64E4C51DF671AF00C95211 /* Main.storyboard */,
				3A64E4C81DF671AF00C95211 /* Assets.xcassets */,
				3A64E4CA1DF671AF00C95211 /* LaunchScreen.storyboard */,
				3A64E4CD1DF671AF00C95211 /* Info.plist */,
				3A64E4BC1DF671AF00C95211 /* Supporting Files */,
			);
			path = LockUnLockApp;
			sourceTree = "<group>";
		};
		3A64E4BC1DF671AF00C95211 /* Supporting Files */ = {
			isa = PBXGroup;
			children = (
				3A64E4BD1DF671AF00C95211 /* main.m */,
			);
			name = "Supporting Files";
			sourceTree = "<group>";
		};
		3A64E4D41DF6775800C95211 /* Frameworks */ = {
			isa = PBXGroup;
			children = (
			);
			name = Frameworks;
			sourceTree = "<group>";
		};
/* End PBXGroup section */

/* Begin PBXNativeTarget section */
		3A64E4B81DF671AF00C95211 /* LockUnLockApp */ = {
			isa = PBXNativeTarget;
			buildConfigurationList = 3A64E4D01DF671AF00C95211 /* Build configuration list for PBXNativeTarget "LockUnLockApp" */;
			buildPhases = (
				3A64E4B51DF671AF00C95211 /* Sources */,
				3A64E4B61DF671AF00C95211 /* Frameworks */,
				3A64E4B71DF671AF00C95211 /* Resources */,
			);
			buildRules = (
			);
			dependencies = (
			);
			name = LockUnLockApp;
			productName = LockUnLockApp;
			productReference = 3A64E4B91DF671AF00C95211 /* LockUnLockApp.app */;
			productType = "com.apple.product-type.application";
		};
/* End PBXNativeTarget section */

/* Begin PBXProject section */
		3A64E4B11DF671AF00C95211 /* Project object */ = {
			isa = PBXProject;
			attributes = {
				LastUpgradeCheck = 0800;
				ORGANIZATIONNAME = Colin;
				TargetAttributes = {
					3A64E4B81DF671AF00C95211 = {
						CreatedOnToolsVersion = 8.0;
						DevelopmentTeam = FC549NH46N;
						ProvisioningStyle = Automatic;
						SystemCapabilities = {
							com.apple.InterAppAudio = {
								enabled = 0;
							};
							com.apple.Push = {
								enabled = 0;
							};
						};
					};
				};
			};
			buildConfigurationList = 3A64E4B41DF671AF00C95211 /* Build configuration list for PBXProject "LockUnLockApp" */;
			compatibilityVersion = "Xcode 3.2";
			developmentRegion = English;
			hasScannedForEncodings = 0;
			knownRegions = (
				en,
				Base,
			);
			mainGroup = 3A64E4B01DF671AF00C95211;
			productRefGroup = 3A64E4BA1DF671AF00C95211 /* Products */;
			projectDirPath = "";
			projectRoot = "";
			targets = (
				3A64E4B81DF671AF00C95211 /* LockUnLockApp */,
			);
		};
/* End PBXProject section */

/* Begin PBXResourcesBuildPhase section */
		3A64E4B71DF671AF00C95211 /* Resources */ = {
			isa = PBXResourcesBuildPhase;
			buildActionMask = 2147483647;
			files = (
				3A64E4CC1DF671AF00C95211 /* LaunchScreen.storyboard in Resources */,
				3A64E4C91DF671AF00C95211 /* Assets.xcassets in Resources */,
				3A64E4C71DF671AF00C95211 /* Main.storyboard in Resources */,
			);
			runOnlyForDeploymentPostprocessing = 0;
		};
/* End PBXResourcesBuildPhase section */

/* Begin PBXSourcesBuildPhase section */
		3A64E4B51DF671AF00C95211 /* Sources */ = {
			isa = PBXSourcesBuildPhase;
			buildActionMask = 2147483647;
			files = (
				3A64E4C41DF671AF00C95211 /* ViewController.m in Sources */,
				3A64E4C11DF671AF00C95211 /* AppDelegate.m in Sources */,
				3A64E4BE1DF671AF00C95211 /* main.m in Sources */,
			);
			runOnlyForDeploymentPostprocessing = 0;
		};
/* End PBXSourcesBuildPhase section */

/* Begin PBXVariantGroup section */
		3A64E4C51DF671AF00C95211 /* Main.storyboard */ = {
			isa = PBXVariantGroup;
			children = (
				3A64E4C61DF671AF00C95211 /* Base */,
			);
			name = Main.storyboard;
			sourceTree = "<group>";
		};
		3A64E4CA1DF671AF00C95211 /* LaunchScreen.storyboard */ = {
			isa = PBXVariantGroup;
			children = (
				3A64E4CB1DF671AF00C95211 /* Base */,
			);
			name = LaunchScreen.storyboard;
			sourceTree = "<group>";
		};
/* End PBXVariantGroup section */

/* Begin XCBuildConfiguration section */
		3A64E4CE1DF671AF00C95211 /* Debug */ = {
			isa = XCBuildConfiguration;
			buildSettings = {
				ALWAYS_SEARCH_USER_PATHS = NO;
				CLANG_ANALYZER_NONNULL = YES;
				CLANG_CXX_LANGUAGE_STANDARD = "gnu++0x";
				CLANG_CXX_LIBRARY = "libc++";
				CLANG_ENABLE_MODULES = YES;
				CLANG_ENABLE_OBJC_ARC = YES;
				CLANG_WARN_BOOL_CONVERSION = YES;
				CLANG_WARN_CONSTANT_CONVERSION = YES;
				CLANG_WARN_DIRECT_OBJC_ISA_USAGE = YES_ERROR;
				CLANG_WARN_DOCUMENTATION_COMMENTS = YES;
				CLANG_WARN_EMPTY_BODY = YES;
				CLANG_WARN_ENUM_CONVERSION = YES;
				CLANG_WARN_INFINITE_RECURSION = YES;
				CLANG_WARN_INT_CONVERSION = YES;
				CLANG_WARN_OBJC_ROOT_CLASS = YES_ERROR;
				CLANG_WARN_SUSPICIOUS_MOVES = YES;
				CLANG_WARN_UNREACHABLE_CODE = YES;
				CLANG_WARN__DUPLICATE_METHOD_MATCH = YES;
				"CODE_SIGN_IDENTITY[sdk=iphoneos*]" = "iPhone Developer";
				COPY_PHASE_STRIP = NO;
				DEBUG_INFORMATION_FORMAT = dwarf;
				ENABLE_STRICT_OBJC_MSGSEND = YES;
				ENABLE_TESTABILITY = YES;
				GCC_C_LANGUAGE_STANDARD = gnu99;
				GCC_DYNAMIC_NO_PIC = NO;
				GCC_NO_COMMON_BLOCKS = YES;
				GCC_OPTIMIZATION_LEVEL = 0;
				GCC_PREPROCESSOR_DEFINITIONS = (
					"DEBUG=1",
					"$(inherited)",
				);
				GCC_WARN_64_TO_32_BIT_CONVERSION = YES;
				GCC_WARN_ABOUT_RETURN_TYPE = YES_ERROR;
				GCC_WARN_UNDECLARED_SELECTOR = YES;
				GCC_WARN_UNINITIALIZED_AUTOS = YES_AGGRESSIVE;
				GCC_WARN_UNUSED_FUNCTION = YES;
				GCC_WARN_UNUSED_VARIABLE = YES;
				IPHONEOS_DEPLOYMENT_TARGET = 10.0;
				MTL_ENABLE_DEBUG_INFO = YES;
				ONLY_ACTIVE_ARCH = YES;
				SDKROOT = iphoneos;
				TARGETED_DEVICE_FAMILY = "1,2";
			};
			name = Debug;
		};
		3A64E4CF1DF671AF00C95211 /* Release */ = {
			isa = XCBuildConfiguration;
			buildSettings = {
				ALWAYS_SEARCH_USER_PATHS = NO;
				CLANG_ANALYZER_NONNULL = YES;
				CLANG_CXX_LANGUAGE_STANDARD = "gnu++0x";
				CLANG_CXX_LIBRARY = "libc++";
				CLANG_ENABLE_MODULES = YES;
				CLANG_ENABLE_OBJC_ARC = YES;
				CLANG_WARN_BOOL_CONVERSION = YES;
				CLANG_WARN_CONSTANT_CONVERSION = YES;
				CLANG_WARN_DIRECT_OBJC_ISA_USAGE = YES_ERROR;
				CLANG_WARN_DOCUMENTATION_COMMENTS = YES;
				CLANG_WARN_EMPTY_BODY = YES;
				CLANG_WARN_ENUM_CONVERSION = YES;
				CLANG_WARN_INFINITE_RECURSION = YES;
				CLANG_WARN_INT_CONVERSION = YES;
				CLANG_WARN_OBJC_ROOT_CLASS = YES_ERROR;
				CLANG_WARN_SUSPICIOUS_MOVES = YES;
				CLANG_WARN_UNREACHABLE_CODE = YES;
				CLANG_WARN__DUPLICATE_METHOD_MATCH = YES;
				"CODE_SIGN_IDENTITY[sdk=iphoneos*]" = "iPhone Developer";
				COPY_PHASE_STRIP = NO;
				DEBUG_INFORMATION_FORMAT = "dwarf-with-dsym";
				ENABLE_NS_ASSERTIONS = NO;
				ENABLE_STRICT_OBJC_MSGSEND = YES;
				GCC_C_LANGUAGE_STANDARD = gnu99;
				GCC_NO_COMMON_BLOCKS = YES;
				GCC_WARN_64_TO_32_BIT_CONVERSION = YES;
				GCC_WARN_ABOUT_RETURN_TYPE = YES_ERROR;
				GCC_WARN_UNDECLARED_SELECTOR = YES;
				GCC_WARN_UNINITIALIZED_AUTOS = YES_AGGRESSIVE;
				GCC_WARN_UNUSED_FUNCTION = YES;
				GCC_WARN_UNUSED_VARIABLE = YES;
				IPHONEOS_DEPLOYMENT_TARGET = 10.0;
				MTL_ENABLE_DEBUG_INFO = NO;
				SDKROOT = iphoneos;
				TARGETED_DEVICE_FAMILY = "1,2";
				VALIDATE_PRODUCT = YES;
			};
			name = Release;
		};
		3A64E4D11DF671AF00C95211 /* Debug */ = {
			isa = XCBuildConfiguration;
			buildSettings = {
				ASSETCATALOG_COMPILER_APPICON_NAME = AppIcon;
				"CODE_SIGN_IDENTITY[sdk=iphoneos*]" = "iPhone Developer";
				DEVELOPMENT_TEAM = FC549NH46N;
				INFOPLIST_FILE = LockUnLockApp/Info.plist;
				IPHONEOS_DEPLOYMENT_TARGET = 8.1;
				LD_RUNPATH_SEARCH_PATHS = "$(inherited) @executable_path/Frameworks";
				PRODUCT_BUNDLE_IDENTIFIER = com.star.autoproduct;
				PRODUCT_NAME = "$(TARGET_NAME)";
			};
			name = Debug;
		};
		3A64E4D21DF671AF00C95211 /* Release */ = {
			isa = XCBuildConfiguration;
			buildSettings = {
				ASSETCATALOG_COMPILER_APPICON_NAME = AppIcon;
				"CODE_SIGN_IDENTITY[sdk=iphoneos*]" = "iPhone Developer";
				DEVELOPMENT_TEAM = FC549NH46N;
				INFOPLIST_FILE = LockUnLockApp/Info.plist;
				IPHONEOS_DEPLOYMENT_TARGET = 8.1;
				LD_RUNPATH_SEARCH_PATHS = "$(inherited) @executable_path/Frameworks";
				PRODUCT_BUNDLE_IDENTIFIER = com.star.autoproduct;
				PRODUCT_NAME = "$(TARGET_NAME)";
			};
			name = Release;
		};
/* End XCBuildConfiguration section */

/* Begin XCConfigurationList section */
		3A64E4B41DF671AF00C95211 /* Build configuration list for PBXProject "LockUnLockApp" */ = {
			isa = XCConfigurationList;
			buildConfigurations = (
				3A64E4CE1DF671AF00C95211 /* Debug */,
				3A64E4CF1DF671AF00C95211 /* Release */,
			);
			defaultConfigurationIsVisible = 0;
			defaultConfigurationName = Release;
		};
		3A64E4D01DF671AF00C95211 /* Build configuration list for PBXNativeTarget "LockUnLockApp" */ = {
			isa = XCConfigurationList;
			buildConfigurations = (
				3A64E4D11DF671AF00C95211 /* Debug */,
				3A64E4D21DF671AF00C95211 /* Release */,
			);
			defaultConfigurationIsVisible = 0;
			defaultConfigurationName = Release;
		};
/* End XCConfigurationList section */
	};
	rootObject = 3A64E4B11DF671AF00C95211 /* Project object */;
}
